
Microsoft Visual Studio Solution File, Format Version 12.00
# Visual Studio Version 16
VisualStudioVersion = 16.0.32002.261
MinimumVisualStudioVersion = 10.0.40219.1
Project("{9A19103F-16F7-4668-BE54-9A1E7A4F7556}") = "HUREL_PG_GUI", "HUREL_PG_GUI.csproj", "{67FB88DE-C060-4837-9962-31D9EE6DD8A2}"
EndProject
Global
	GlobalSection(SolutionConfigurationPlatforms) = preSolution
		Debug|Any CPU = Debug|Any CPU
		Release|Any CPU = Release|Any CPU
	EndGlobalSection
	GlobalSection(ProjectConfigurationPlatforms) = postSolution
		{67FB88DE-C060-4837-9962-31D9EE6DD8A2}.Debug|Any CPU.ActiveCfg = Debug|Any CPU
		{67FB88DE-C060-4837-9962-31D9EE6DD8A2}.Debug|Any CPU.Build.0 = Debug|Any CPU
		{67FB88DE-C060-4837-9962-31D9EE6DD8A2}.Release|Any CPU.ActiveCfg = Release|Any CPU
		{67FB88DE-C060-4837-9962-31D9EE6DD8A2}.Release|Any CPU.Build.0 = Release|Any CPU
	EndGlobalSection
	GlobalSection(SolutionProperties) = preSolution
		HideSolutionNode = FALSE
	EndGlobalSection
	GlobalSection(ExtensibilityGlobals) = postSolution
		SolutionGuid = {7001130A-31D9-4A55-AFBB-4DEBE1C93019}
	EndGlobalSection
EndGlobal
